// !$*UTF8*$!
{
	archiveVersion = 1;
	classes = {
	};
	objectVersion = 46;
	objects = {

/* Begin PBXBuildFile section */
		460ABCD01ADE87C000B43A4E /* AppDelegate.swift in Sources */ = {isa = PBXBuildFile; fileRef = 460ABCCF1ADE87C000B43A4E /* AppDelegate.swift */; };
		460ABCD21ADE87C000B43A4E /* ViewController.swift in Sources */ = {isa = PBXBuildFile; fileRef = 460ABCD11ADE87C000B43A4E /* ViewController.swift */; };
		460ABCD51ADE87C000B43A4E /* Main.storyboard in Resources */ = {isa = PBXBuildFile; fileRef = 460ABCD31ADE87C000B43A4E /* Main.storyboard */; };
		460ABCD71ADE87C000B43A4E /* Images.xcassets in Resources */ = {isa = PBXBuildFile; fileRef = 460ABCD61ADE87C000B43A4E /* Images.xcassets */; };
		460ABCDA1ADE87C000B43A4E /* LaunchScreen.xib in Resources */ = {isa = PBXBuildFile; fileRef = 460ABCD81ADE87C000B43A4E /* LaunchScreen.xib */; };
		460ABCE61ADE87C000B43A4E /* SwiftNoticeExampleTests.swift in Sources */ = {isa = PBXBuildFile; fileRef = 460ABCE51ADE87C000B43A4E /* SwiftNoticeExampleTests.swift */; };
		46150D581AE37AB3001AB75F /* SwiftNotice.swift in Sources */ = {isa = PBXBuildFile; fileRef = 46150D571AE37AB3001AB75F /* SwiftNotice.swift */; };
/* End PBXBuildFile section */

/* Begin PBXContainerItemProxy section */
		460ABCE01ADE87C000B43A4E /* PBXContainerItemProxy */ = {
			isa = PBXContainerItemProxy;
			containerPortal = 460ABCC21ADE87C000B43A4E /* Project object */;
			proxyType = 1;
			remoteGlobalIDString = 460ABCC91ADE87C000B43A4E;
			remoteInfo = SwiftNoticeExample;
		};
/* End PBXContainerItemProxy section */

/* Begin PBXFileReference section */
		460ABCCA1ADE87C000B43A4E /* SwiftNoticeExample.app */ = {isa = PBXFileReference; explicitFileType = wrapper.application; includeInIndex = 0; path = SwiftNoticeExample.app; sourceTree = BUILT_PRODUCTS_DIR; };
		460ABCCE1ADE87C000B43A4E /* Info.plist */ = {isa = PBXFileReference; lastKnownFileType = text.plist.xml; path = Info.plist; sourceTree = "<group>"; };
		460ABCCF1ADE87C000B43A4E /* AppDelegate.swift */ = {isa = PBXFileReference; lastKnownFileType = sourcecode.swift; path = AppDelegate.swift; sourceTree = "<group>"; };
		460ABCD11ADE87C000B43A4E /* ViewController.swift */ = {isa = PBXFileReference; lastKnownFileType = sourcecode.swift; path = ViewController.swift; sourceTree = "<group>"; };
		460ABCD41ADE87C000B43A4E /* Base */ = {isa = PBXFileReference; lastKnownFileType = file.storyboard; name = Base; path = Base.lproj/Main.storyboard; sourceTree = "<group>"; };
		460ABCD61ADE87C000B43A4E /* Images.xcassets */ = {isa = PBXFileReference; lastKnownFileType = folder.assetcatalog; path = Images.xcassets; sourceTree = "<group>"; };
		460ABCD91ADE87C000B43A4E /* Base */ = {isa = PBXFileReference; lastKnownFileType = file.xib; name = Base; path = Base.lproj/LaunchScreen.xib; sourceTree = "<group>"; };
		460ABCDF1ADE87C000B43A4E /* SwiftNoticeExampleTests.xctest */ = {isa = PBXFileReference; explicitFileType = wrapper.cfbundle; includeInIndex = 0; path = SwiftNoticeExampleTests.xctest; sourceTree = BUILT_PRODUCTS_DIR; };
		460ABCE41ADE87C000B43A4E /* Info.plist */ = {isa = PBXFileReference; lastKnownFileType = text.plist.xml; path = Info.plist; sourceTree = "<group>"; };
		460ABCE51ADE87C000B43A4E /* SwiftNoticeExampleTests.swift */ = {isa = PBXFileReference; lastKnownFileType = sourcecode.swift; path = SwiftNoticeExampleTests.swift; sourceTree = "<group>"; };
		46150D571AE37AB3001AB75F /* SwiftNotice.swift */ = {isa = PBXFileReference; fileEncoding = 4; lastKnownFileType = sourcecode.swift; name = SwiftNotice.swift; path = ../SwiftNotice.swift; sourceTree = "<group>"; };
/* End PBXFileReference section */

/* Begin PBXFrameworksBuildPhase section */
		460ABCC71ADE87C000B43A4E /* Frameworks */ = {
			isa = PBXFrameworksBuildPhase;
			buildActionMask = 2147483647;
			files = (
			);
			runOnlyForDeploymentPostprocessing = 0;
		};
		460ABCDC1ADE87C000B43A4E /* Frameworks */ = {
			isa = PBXFrameworksBuildPhase;
			buildActionMask = 2147483647;
			files = (
			);
			runOnlyForDeploymentPostprocessing = 0;
		};
/* End PBXFrameworksBuildPhase section */

/* Begin PBXGroup section */
		460ABCC11ADE87C000B43A4E = {
			isa = PBXGroup;
			children = (
				46150D571AE37AB3001AB75F /* SwiftNotice.swift */,
				460ABCCC1ADE87C000B43A4E /* SwiftNoticeExample */,
				460ABCE21ADE87C000B43A4E /* SwiftNoticeExampleTests */,
				460ABCCB1ADE87C000B43A4E /* Products */,
			);
			sourceTree = "<group>";
		};
		460ABCCB1ADE87C000B43A4E /* Products */ = {
			isa = PBXGroup;
			children = (
				460ABCCA1ADE87C000B43A4E /* SwiftNoticeExample.app */,
				460ABCDF1ADE87C000B43A4E /* SwiftNoticeExampleTests.xctest */,
			);
			name = Products;
			sourceTree = "<group>";
		};
		460ABCCC1ADE87C000B43A4E /* SwiftNoticeExample */ = {
			isa = PBXGroup;
			children = (
				460ABCCF1ADE87C000B43A4E /* AppDelegate.swift */,
				460ABCD11ADE87C000B43A4E /* ViewController.swift */,
				460ABCD31ADE87C000B43A4E /* Main.storyboard */,
				460ABCD61ADE87C000B43A4E /* Images.xcassets */,
				460ABCD81ADE87C000B43A4E /* LaunchScreen.xib */,
				460ABCCD1ADE87C000B43A4E /* Supporting Files */,
			);
			path = SwiftNoticeExample;
			sourceTree = "<group>";
		};
		460ABCCD1ADE87C000B43A4E /* Supporting Files */ = {
			isa = PBXGroup;
			children = (
				460ABCCE1ADE87C000B43A4E /* Info.plist */,
			);
			name = "Supporting Files";
			sourceTree = "<group>";
		};
		460ABCE21ADE87C000B43A4E /* SwiftNoticeExampleTests */ = {
			isa = PBXGroup;
			children = (
				460ABCE51ADE87C000B43A4E /* SwiftNoticeExampleTests.swift */,
				460ABCE31ADE87C000B43A4E /* Supporting Files */,
			);
			path = SwiftNoticeExampleTests;
			sourceTree = "<group>";
		};
		460ABCE31ADE87C000B43A4E /* Supporting Files */ = {
			isa = PBXGroup;
			children = (
				460ABCE41ADE87C000B43A4E /* Info.plist */,
			);
			name = "Supporting Files";
			sourceTree = "<group>";
		};
/* End PBXGroup section */

/* Begin PBXNativeTarget section */
		460ABCC91ADE87C000B43A4E /* SwiftNoticeExample */ = {
			isa = PBXNativeTarget;
			buildConfigurationList = 460ABCE91ADE87C000B43A4E /* Build configuration list for PBXNativeTarget "SwiftNoticeExample" */;
			buildPhases = (
				460ABCC61ADE87C000B43A4E /* Sources */,
				460ABCC71ADE87C000B43A4E /* Frameworks */,
				460ABCC81ADE87C000B43A4E /* Resources */,
			);
			buildRules = (
			);
			dependencies = (
			);
			name = SwiftNoticeExample;
			productName = SwiftNoticeExample;
			productReference = 460ABCCA1ADE87C000B43A4E /* SwiftNoticeExample.app */;
			productType = "com.apple.product-type.application";
		};
		460ABCDE1ADE87C000B43A4E /* SwiftNoticeExampleTests */ = {
			isa = PBXNativeTarget;
			buildConfigurationList = 460ABCEC1ADE87C000B43A4E /* Build configuration list for PBXNativeTarget "SwiftNoticeExampleTests" */;
			buildPhases = (
				460ABCDB1ADE87C000B43A4E /* Sources */,
				460ABCDC1ADE87C000B43A4E /* Frameworks */,
				460ABCDD1ADE87C000B43A4E /* Resources */,
			);
			buildRules = (
			);
			dependencies = (
				460ABCE11ADE87C000B43A4E /* PBXTargetDependency */,
			);
			name = SwiftNoticeExampleTests;
			productName = SwiftNoticeExampleTests;
			productReference = 460ABCDF1ADE87C000B43A4E /* SwiftNoticeExampleTests.xctest */;
			productType = "com.apple.product-type.bundle.unit-test";
		};
/* End PBXNativeTarget section */

/* Begin PBXProject section */
		460ABCC21ADE87C000B43A4E /* Project object */ = {
			isa = PBXProject;
			attributes = {
				LastSwiftUpdateCheck = 0700;
				LastUpgradeCheck = 0930;
				ORGANIZATIONNAME = com.lvwenhan;
				TargetAttributes = {
					460ABCC91ADE87C000B43A4E = {
						CreatedOnToolsVersion = 6.3;
						DevelopmentTeam = B7PY5JUP9A;
						LastSwiftMigration = 0800;
					};
					460ABCDE1ADE87C000B43A4E = {
						CreatedOnToolsVersion = 6.3;
						LastSwiftMigration = 0930;
						TestTargetID = 460ABCC91ADE87C000B43A4E;
					};
				};
			};
			buildConfigurationList = 460ABCC51ADE87C000B43A4E /* Build configuration list for PBXProject "SwiftNoticeExample" */;
			compatibilityVersion = "Xcode 3.2";
			developmentRegion = English;
			hasScannedForEncodings = 0;
			knownRegions = (
				en,
				Base,
			);
			mainGroup = 460ABCC11ADE87C000B43A4E;
			productRefGroup = 460ABCCB1ADE87C000B43A4E /* Products */;
			projectDirPath = "";
			projectRoot = "";
			targets = (
				460ABCC91ADE87C000B43A4E /* SwiftNoticeExample */,
				460ABCDE1ADE87C000B43A4E /* SwiftNoticeExampleTests */,
			);
		};
/* End PBXProject section */

/* Begin PBXResourcesBuildPhase section */
		460ABCC81ADE87C000B43A4E /* Resources */ = {
			isa = PBXResourcesBuildPhase;
			buildActionMask = 2147483647;
			files = (
				460ABCD51ADE87C000B43A4E /* Main.storyboard in Resources */,
				460ABCDA1ADE87C000B43A4E /* LaunchScreen.xib in Resources */,
				460ABCD71ADE87C000B43A4E /* Images.xcassets in Resources */,
			);
			runOnlyForDeploymentPostprocessing = 0;
		};
		460ABCDD1ADE87C000B43A4E /* Resources */ = {
			isa = PBXResourcesBuildPhase;
			buildActionMask = 2147483647;
			files = (
			);
			runOnlyForDeploymentPostprocessing = 0;
		};
/* End PBXResourcesBuildPhase section */

/* Begin PBXSourcesBuildPhase section */
		460ABCC61ADE87C000B43A4E /* Sources */ = {
			isa = PBXSourcesBuildPhase;
			buildActionMask = 2147483647;
			files = (
				46150D581AE37AB3001AB75F /* SwiftNotice.swift in Sources */,
				460ABCD21ADE87C000B43A4E /* ViewController.swift in Sources */,
				460ABCD01ADE87C000B43A4E /* AppDelegate.swift in Sources */,
			);
			runOnlyForDeploymentPostprocessing = 0;
		};
		460ABCDB1ADE87C000B43A4E /* Sources */ = {
			isa = PBXSourcesBuildPhase;
			buildActionMask = 2147483647;
			files = (
				460ABCE61ADE87C000B43A4E /* SwiftNoticeExampleTests.swift in Sources */,
			);
			runOnlyForDeploymentPostprocessing = 0;
		};
/* End PBXSourcesBuildPhase section */

/* Begin PBXTargetDependency section */
		460ABCE11ADE87C000B43A4E /* PBXTargetDependency */ = {
			isa = PBXTargetDependency;
			target = 460ABCC91ADE87C000B43A4E /* SwiftNoticeExample */;
			targetProxy = 460ABCE01ADE87C000B43A4E /* PBXContainerItemProxy */;
		};
/* End PBXTargetDependency section */

/* Begin PBXVariantGroup section */
		460ABCD31ADE87C000B43A4E /* Main.storyboard */ = {
			isa = PBXVariantGroup;
			children = (
				460ABCD41ADE87C000B43A4E /* Base */,
			);
			name = Main.storyboard;
			sourceTree = "<group>";
		};
		460ABCD81ADE87C000B43A4E /* LaunchScreen.xib */ = {
			isa = PBXVariantGroup;
			children = (
				460ABCD91ADE87C000B43A4E /* Base */,
			);
			name = LaunchScreen.xib;
			sourceTree = "<group>";
		};
/* End PBXVariantGroup section */

/* Begin XCBuildConfiguration section */
		460ABCE71ADE87C000B43A4E /* Debug */ = {
			isa = XCBuildConfiguration;
			buildSettings = {
				ALWAYS_SEARCH_USER_PATHS = NO;
				CLANG_CXX_LANGUAGE_STANDARD = "gnu++0x";
				CLANG_CXX_LIBRARY = "libc++";
				CLANG_ENABLE_MODULES = YES;
				CLANG_ENABLE_OBJC_ARC = YES;
				CLANG_WARN_BLOCK_CAPTURE_AUTORELEASING = YES;
				CLANG_WARN_BOOL_CONVERSION = YES;
				CLANG_WARN_COMMA = YES;
				CLANG_WARN_CONSTANT_CONVERSION = YES;
				CLANG_WARN_DEPRECATED_OBJC_IMPLEMENTATIONS = YES;
				CLANG_WARN_DIRECT_OBJC_ISA_USAGE = YES_ERROR;
				CLANG_WARN_EMPTY_BODY = YES;
				CLANG_WARN_ENUM_CONVERSION = YES;
				CLANG_WARN_INFINITE_RECURSION = YES;
				CLANG_WARN_INT_CONVERSION = YES;
				CLANG_WARN_NON_LITERAL_NULL_CONVERSION = YES;
				CLANG_WARN_OBJC_IMPLICIT_RETAIN_SELF = YES;
				CLANG_WARN_OBJC_LITERAL_CONVERSION = YES;
				CLANG_WARN_OBJC_ROOT_CLASS = YES_ERROR;
				CLANG_WARN_RANGE_LOOP_ANALYSIS = YES;
				CLANG_WARN_STRICT_PROTOTYPES = YES;
				CLANG_WARN_SUSPICIOUS_MOVE = YES;
				CLANG_WARN_UNREACHABLE_CODE = YES;
				CLANG_WARN__DUPLICATE_METHOD_MATCH = YES;
				"CODE_SIGN_IDENTITY[sdk=iphoneos*]" = "iPhone Developer";
				COPY_PHASE_STRIP = NO;
				DEBUG_INFORMATION_FORMAT = "dwarf-with-dsym";
				ENABLE_STRICT_OBJC_MSGSEND = YES;
				ENABLE_TESTABILITY = YES;
				GCC_C_LANGUAGE_STANDARD = gnu99;
				GCC_DYNAMIC_NO_PIC = NO;
				GCC_NO_COMMON_BLOCKS = YES;
				GCC_OPTIMIZATION_LEVEL = 0;
				GCC_PREPROCESSOR_DEFINITIONS = (
					"DEBUG=1",
					"$(inherited)",
				);
				GCC_SYMBOLS_PRIVATE_EXTERN = NO;
				GCC_WARN_64_TO_32_BIT_CONVERSION = YES;
				GCC_WARN_ABOUT_RETURN_TYPE = YES_ERROR;
				GCC_WARN_UNDECLARED_SELECTOR = YES;
				GCC_WARN_UNINITIALIZED_AUTOS = YES_AGGRESSIVE;
				GCC_WARN_UNUSED_FUNCTION = YES;
				GCC_WARN_UNUSED_VARIABLE = YES;
				IPHONEOS_DEPLOYMENT_TARGET = 8.0;
				MTL_ENABLE_DEBUG_INFO = YES;
				ONLY_ACTIVE_ARCH = YES;
				SDKROOT = iphoneos;
				SWIFT_OPTIMIZATION_LEVEL = "-Onone";
				SWIFT_VERSION = 4.0;
			};
			name = Debug;
		};
		460ABCE81ADE87C000B43A4E /* Release */ = {
			isa = XCBuildConfiguration;
			buildSettings = {
				ALWAYS_SEARCH_USER_PATHS = NO;
				CLANG_CXX_LANGUAGE_STANDARD = "gnu++0x";
				CLANG_CXX_LIBRARY = "libc++";
				CLANG_ENABLE_MODULES = YES;
				CLANG_ENABLE_OBJC_ARC = YES;
				CLANG_WARN_BLOCK_CAPTURE_AUTORELEASING = YES;
				CLANG_WARN_BOOL_CONVERSION = YES;
				CLANG_WARN_COMMA = YES;
				CLANG_WARN_CONSTANT_CONVERSION = YES;
				CLANG_WARN_DEPRECATED_OBJC_IMPLEMENTATIONS = YES;
				CLANG_WARN_DIRECT_OBJC_ISA_USAGE = YES_ERROR;
				CLANG_WARN_EMPTY_BODY = YES;
				CLANG_WARN_ENUM_CONVERSION = YES;
				CLANG_WARN_INFINITE_RECURSION = YES;
				CLANG_WARN_INT_CONVERSION = YES;
				CLANG_WARN_NON_LITERAL_NULL_CONVERSION = YES;
				CLANG_WARN_OBJC_IMPLICIT_RETAIN_SELF = YES;
				CLANG_WARN_OBJC_LITERAL_CONVERSION = YES;
				CLANG_WARN_OBJC_ROOT_CLASS = YES_ERROR;
				CLANG_WARN_RANGE_LOOP_ANALYSIS = YES;
				CLANG_WARN_STRICT_PROTOTYPES = YES;
				CLANG_WARN_SUSPICIOUS_MOVE = YES;
				CLANG_WARN_UNREACHABLE_CODE = YES;
				CLANG_WARN__DUPLICATE_METHOD_MATCH = YES;
				"CODE_SIGN_IDENTITY[sdk=iphoneos*]" = "iPhone Developer";
				COPY_PHASE_STRIP = NO;
				DEBUG_INFORMATION_FORMAT = "dwarf-with-dsym";
				ENABLE_NS_ASSERTIONS = NO;
				ENABLE_STRICT_OBJC_MSGSEND = YES;
				GCC_C_LANGUAGE_STANDARD = gnu99;
				GCC_NO_COMMON_BLOCKS = YES;
				GCC_WARN_64_TO_32_BIT_CONVERSION = YES;
				GCC_WARN_ABOUT_RETURN_TYPE = YES_ERROR;
				GCC_WARN_UNDECLARED_SELECTOR = YES;
				GCC_WARN_UNINITIALIZED_AUTOS = YES_AGGRESSIVE;
				GCC_WARN_UNUSED_FUNCTION = YES;
				GCC_WARN_UNUSED_VARIABLE = YES;
				IPHONEOS_DEPLOYMENT_TARGET = 8.0;
				MTL_ENABLE_DEBUG_INFO = NO;
				SDKROOT = iphoneos;
				SWIFT_COMPILATION_MODE = wholemodule;
				SWIFT_VERSION = 4.0;
				VALIDATE_PRODUCT = YES;
			};
			name = Release;
		};
		460ABCEA1ADE87C000B43A4E /* Debug */ = {
			isa = XCBuildConfiguration;
			buildSettings = {
				ASSETCATALOG_COMPILER_APPICON_NAME = AppIcon;
				DEVELOPMENT_TEAM = B7PY5JUP9A;
				INFOPLIST_FILE = SwiftNoticeExample/Info.plist;
				LD_RUNPATH_SEARCH_PATHS = "$(inherited) @executable_path/Frameworks";
				PRODUCT_BUNDLE_IDENTIFIER = "com.lvwenhan.$(PRODUCT_NAME:rfc1034identifier)";
				PRODUCT_NAME = "$(TARGET_NAME)";
				SWIFT_VERSION = 4.0;
				TARGETED_DEVICE_FAMILY = "1,2";
			};
			name = Debug;
		};
		460ABCEB1ADE87C000B43A4E /* Release */ = {
			isa = XCBuildConfiguration;
			buildSettings = {
				ASSETCATALOG_COMPILER_APPICON_NAME = AppIcon;
				DEVELOPMENT_TEAM = B7PY5JUP9A;
				INFOPLIST_FILE = SwiftNoticeExample/Info.plist;
				LD_RUNPATH_SEARCH_PATHS = "$(inherited) @executable_path/Frameworks";
				PRODUCT_BUNDLE_IDENTIFIER = "com.lvwenhan.$(PRODUCT_NAME:rfc1034identifier)";
				PRODUCT_NAME = "$(TARGET_NAME)";
				SWIFT_VERSION = 4.0;
				TARGETED_DEVICE_FAMILY = "1,2";
			};
			name = Release;
		};
		460ABCED1ADE87C000B43A4E /* Debug */ = {
			isa = XCBuildConfiguration;
			buildSettings = {
				BUNDLE_LOADER = "$(TEST_HOST)";
				FRAMEWORK_SEARCH_PATHS = (
					"$(SDKROOT)/Developer/Library/Frameworks",
					"$(inherited)",
				);
				GCC_PREPROCESSOR_DEFINITIONS = (
					"DEBUG=1",
					"$(inherited)",
				);
				INFOPLIST_FILE = SwiftNoticeExampleTests/Info.plist;
				LD_RUNPATH_SEARCH_PATHS = "$(inherited) @executable_path/Frameworks @loader_path/Frameworks";
				PRODUCT_BUNDLE_IDENTIFIER = "com.lvwenhan.$(PRODUCT_NAME:rfc1034identifier)";
				PRODUCT_NAME = "$(TARGET_NAME)";
				SWIFT_SWIFT3_OBJC_INFERENCE = On;
				SWIFT_VERSION = 4.0;
				TEST_HOST = "$(BUILT_PRODUCTS_DIR)/SwiftNoticeExample.app/SwiftNoticeExample";
			};
			name = Debug;
		};
		460ABCEE1ADE87C000B43A4E /* Release */ = {
			isa = XCBuildConfiguration;
			buildSettings = {
				BUNDLE_LOADER = "$(TEST_HOST)";
				FRAMEWORK_SEARCH_PATHS = (
					"$(SDKROOT)/Developer/Library/Frameworks",
					"$(inherited)",
				);
				INFOPLIST_FILE = SwiftNoticeExampleTests/Info.plist;
				LD_RUNPATH_SEARCH_PATHS = "$(inherited) @executable_path/Frameworks @loader_path/Frameworks";
				PRODUCT_BUNDLE_IDENTIFIER = "com.lvwenhan.$(PRODUCT_NAME:rfc1034identifier)";
				PRODUCT_NAME = "$(TARGET_NAME)";
				SWIFT_SWIFT3_OBJC_INFERENCE = On;
				SWIFT_VERSION = 4.0;
				TEST_HOST = "$(BUILT_PRODUCTS_DIR)/SwiftNoticeExample.app/SwiftNoticeExample";
			};
			name = Release;
		};
/* End XCBuildConfiguration section */

/* Begin XCConfigurationList section */
		460ABCC51ADE87C000B43A4E /* Build configuration list for PBXProject "SwiftNoticeExample" */ = {
			isa = XCConfigurationList;
			buildConfigurations = (
				460ABCE71ADE87C000B43A4E /* Debug */,
				460ABCE81ADE87C000B43A4E /* Release */,
			);
			defaultConfigurationIsVisible = 0;
			defaultConfigurationName = Release;
		};
		460ABCE91ADE87C000B43A4E /* Build configuration list for PBXNativeTarget "SwiftNoticeExample" */ = {
			isa = XCConfigurationList;
			buildConfigurations = (
				460ABCEA1ADE87C000B43A4E /* Debug */,
				460ABCEB1ADE87C000B43A4E /* Release */,
			);
			defaultConfigurationIsVisible = 0;
			defaultConfigurationName = Release;
		};
		460ABCEC1ADE87C000B43A4E /* Build configuration list for PBXNativeTarget "SwiftNoticeExampleTests" */ = {
			isa = XCConfigurationList;
			buildConfigurations = (
				460ABCED1ADE87C000B43A4E /* Debug */,
				460ABCEE1ADE87C000B43A4E /* Release */,
			);
			defaultConfigurationIsVisible = 0;
			defaultConfigurationName = Release;
		};
/* End XCConfigurationList section */
	};
	rootObject = 460ABCC21ADE87C000B43A4E /* Project object */;
}
